
Microsoft Visual Studio Solution File, Format Version 12.00
# Visual Studio Version 16
VisualStudioVersion = 16.0.29409.12
MinimumVisualStudioVersion = 10.0.40219.1
Project("{9A19103F-16F7-4668-BE54-9A1E7A4F7556}") = "expenses-management-web", "expenses-management-web\expenses-management-web.csproj", "{B18727C9-4EA7-411B-A36B-5A0C0E4A7A0A}"
EndProject
Project("{9A19103F-16F7-4668-BE54-9A1E7A4F7556}") = "expenses-management-test", "expenses-management-test\expenses-management-test.csproj", "{0289AD24-A744-4A6D-A537-79BE3AE2FB8F}"
EndProject
Global
	GlobalSection(SolutionConfigurationPlatforms) = preSolution
		Debug|Any CPU = Debug|Any CPU
		Debug|x64 = Debug|x64
		Release|Any CPU = Release|Any CPU
		Release|x64 = Release|x64
	EndGlobalSection
	GlobalSection(ProjectConfigurationPlatforms) = postSolution
		{B18727C9-4EA7-411B-A36B-5A0C0E4A7A0A}.Debug|Any CPU.ActiveCfg = Debug|Any CPU
		{B18727C9-4EA7-411B-A36B-5A0C0E4A7A0A}.Debug|Any CPU.Build.0 = Debug|Any CPU
		{B18727C9-4EA7-411B-A36B-5A0C0E4A7A0A}.Debug|x64.ActiveCfg = Debug|Any CPU
		{B18727C9-4EA7-411B-A36B-5A0C0E4A7A0A}.Debug|x64.Build.0 = Debug|Any CPU
		{B18727C9-4EA7-411B-A36B-5A0C0E4A7A0A}.Release|Any CPU.ActiveCfg = Release|Any CPU
		{B18727C9-4EA7-411B-A36B-5A0C0E4A7A0A}.Release|Any CPU.Build.0 = Release|Any CPU
		{B18727C9-4EA7-411B-A36B-5A0C0E4A7A0A}.Release|x64.ActiveCfg = Release|Any CPU
		{B18727C9-4EA7-411B-A36B-5A0C0E4A7A0A}.Release|x64.Build.0 = Release|Any CPU
		{0289AD24-A744-4A6D-A537-79BE3AE2FB8F}.Debug|Any CPU.ActiveCfg = Debug|Any CPU
		{0289AD24-A744-4A6D-A537-79BE3AE2FB8F}.Debug|Any CPU.Build.0 = Debug|Any CPU
		{0289AD24-A744-4A6D-A537-79BE3AE2FB8F}.Debug|x64.ActiveCfg = Debug|x64
		{0289AD24-A744-4A6D-A537-79BE3AE2FB8F}.Debug|x64.Build.0 = Debug|x64
		{0289AD24-A744-4A6D-A537-79BE3AE2FB8F}.Release|Any CPU.ActiveCfg = Release|Any CPU
		{0289AD24-A744-4A6D-A537-79BE3AE2FB8F}.Release|Any CPU.Build.0 = Release|Any CPU
		{0289AD24-A744-4A6D-A537-79BE3AE2FB8F}.Release|x64.ActiveCfg = Release|x64
		{0289AD24-A744-4A6D-A537-79BE3AE2FB8F}.Release|x64.Build.0 = Release|x64
	EndGlobalSection
	GlobalSection(SolutionProperties) = preSolution
		HideSolutionNode = FALSE
	EndGlobalSection
	GlobalSection(ExtensibilityGlobals) = postSolution
		SolutionGuid = {67DD55C5-1DC4-4CE7-B08F-E2DD132A30F2}
	EndGlobalSection
EndGlobal
